{
  "meteor": {
    "git": "https://github.com/meteor/meteor.git",
    "branch": "master",
    "commit": "4d98d8cb4e5a95e9e98953f44c872c9332a042a3"
  },
  "dependencies": {
    "basePackages": {
      "moment": {
        "version": "1.7.0"
      },
      "handlebar-helpers": {
        "version": "0.0.5"
      },
      "x-editable-bootstrap": {
        "version": "0.1.0"
      }
    },
    "packages": {
      "moment": {
        "git": "https://github.com/possibilities/meteor-moment.git",
        "tag": "v1.7.0",
        "commit": "c64b6ec0e714b9556f4b6643d430b868ba69d3d7"
      },
      "handlebar-helpers": {
        "git": "https://github.com/raix/Meteor-handlebar-helpers.git",
        "tag": "v0.0.5",
        "commit": "bedecf71d04097773b359ccbf6e5bd97fcb53f8e"
      },
      "x-editable-bootstrap": {
        "git": "https://github.com/nate-strauser/meteor-x-editable-bootstrap.git",
        "tag": "v0.1.0",
        "commit": "d699fdcbd467b4d72d6aeb8a0d40f7a38950945b"
      },
      "bootstrap-updated": {
        "git": "https://github.com/Charuru/bootstrap-updated.git",
        "tag": "v1.0.1",
        "commit": "bdd5fcc8e134e62bcbb9d11aad8270534ffb6493"
      }
    }
  }
}
