{
  "meteor": {
    "git": "https://github.com/meteor/meteor.git",
    "branch": "master",
    "commit": "3753c989fd6c26406409b4b27f86ac9331e38346"
  },
  "dependencies": {
    "basePackages": {
      "moment": {
        "version": "1.7.0"
      },
      "handlebar-helpers": {
        "version": "0.0.5"
      },
      "x-editable-bootstrap": {
        "version": "0.1.2"
      }
    },
    "packages": {
      "moment": {
        "git": "https://github.com/possibilities/meteor-moment.git",
        "tag": "v1.7.0",
        "commit": "c64b6ec0e714b9556f4b6643d430b868ba69d3d7"
      },
      "handlebar-helpers": {
        "git": "https://github.com/raix/Meteor-handlebar-helpers.git",
        "tag": "v0.0.5",
        "commit": "bedecf71d04097773b359ccbf6e5bd97fcb53f8e"
      },
      "x-editable-bootstrap": {
        "git": "https://github.com/nate-strauser/meteor-x-editable-bootstrap.git",
        "tag": "v0.1.2",
        "commit": "d0b3ccbdf3fee16c4ea46e4817fd2d424f353124"
      }
    }
  }
}
